lockfileVersion: 5.4

patchedDependencies:
  is-odd@3.0.1:
    hash: lam3kzn7hynpymr43zu54rzlfy
    path: patches/is-odd@3.0.1.patch

importers:

  .:
    specifiers: {}

  ../../packages/demo-a:
    specifiers:
      is-odd: 3.0.1
    dependencies:
      is-odd: 3.0.1_lam3kzn7hynpymr43zu54rzlfy

  ../../packages/demo-b:
    specifiers:
      is-odd: 3.0.1
    dependencies:
      is-odd: 3.0.1

  ../../packages/demo-c:
    specifiers:
      is-odd: 2.0.0
    dependencies:
      is-odd: 2.0.0

packages:

  /is-number/4.0.0:
    resolution: {integrity: sha512-rSklcAIlf1OmFdyAqbnWTLVelsQ58uvZ66S/ZyawjWqIviTWCjg2PzVGw8WUA+nNuPTqb4wgA+NszrJ+08LlgQ==}
    engines: {node: '>=0.10.0'}
    dev: false

  /is-number/6.0.0:
    resolution: {integrity: sha512-Wu1VHeILBK8KAWJUAiSZQX94GmOE45Rg6/538fKwiloUu21KncEkYGPqob2oSZ5mUT73vLGrHQjKw3KMPwfDzg==}
    engines: {node: '>=0.10.0'}
    dev: false

  /is-odd/2.0.0:
    resolution: {integrity: sha512-OTiixgpZAT1M4NHgS5IguFp/Vz2VI3U7Goh4/HA1adtwyLtSBrxYlcSYkhpAE07s4fKEcjrFxyvtQBND4vFQyQ==}
    engines: {node: '>=0.10.0'}
    dependencies:
      is-number: 4.0.0
    dev: false

  /is-odd/3.0.1:
    resolution: {integrity: sha512-CQpnWPrDwmP1+SMHXZhtLtJv90yiyVfluGsX5iNCVkrhQtU3TQHsUWPG9wkdk9Lgd5yNpAg9jQEo90CBaXgWMA==}
    engines: {node: '>=4'}
    dependencies:
      is-number: 6.0.0
    dev: false

  /is-odd/3.0.1_lam3kzn7hynpymr43zu54rzlfy:
    resolution: {integrity: sha512-CQpnWPrDwmP1+SMHXZhtLtJv90yiyVfluGsX5iNCVkrhQtU3TQHsUWPG9wkdk9Lgd5yNpAg9jQEo90CBaXgWMA==}
    engines: {node: '>=4'}
    dependencies:
      is-number: 6.0.0
    dev: false
    patched: true
